
Microsoft Visual Studio Solution File, Format Version 12.00
# Visual Studio Version 17
VisualStudioVersion = 17.0.32014.148
MinimumVisualStudioVersion = 10.0.40219.1
Project("{FAE04EC0-301F-11D3-BF4B-00C04F79EFBC}") = "listViewExample", "listViewExample\listViewExample.csproj", "{F56D5FD1-4BB2-4C92-8C29-A5AF6B573B95}"
EndProject
Global
	GlobalSection(SolutionConfigurationPlatforms) = preSolution
		Debug|Any CPU = Debug|Any CPU
		Release|Any CPU = Release|Any CPU
	EndGlobalSection
	GlobalSection(ProjectConfigurationPlatforms) = postSolution
		{F56D5FD1-4BB2-4C92-8C29-A5AF6B573B95}.Debug|Any CPU.ActiveCfg = Debug|Any CPU
		{F56D5FD1-4BB2-4C92-8C29-A5AF6B573B95}.Debug|Any CPU.Build.0 = Debug|Any CPU
		{F56D5FD1-4BB2-4C92-8C29-A5AF6B573B95}.Release|Any CPU.ActiveCfg = Release|Any CPU
		{F56D5FD1-4BB2-4C92-8C29-A5AF6B573B95}.Release|Any CPU.Build.0 = Release|Any CPU
	EndGlobalSection
	GlobalSection(SolutionProperties) = preSolution
		HideSolutionNode = FALSE
	EndGlobalSection
	GlobalSection(ExtensibilityGlobals) = postSolution
		SolutionGuid = {0773D772-E098-4E64-90E2-0773EFC48D79}
	EndGlobalSection
EndGlobal
