
Microsoft Visual Studio Solution File, Format Version 12.00
# Visual Studio Version 17
VisualStudioVersion = 17.0.32014.148
MinimumVisualStudioVersion = 10.0.40219.1
Project("{FAE04EC0-301F-11D3-BF4B-00C04F79EFBC}") = "ConsoleApp1", "ConsoleApp1\ConsoleApp1.csproj", "{08408974-740E-4E00-AEED-5C9B0C52456C}"
EndProject
Global
	GlobalSection(SolutionConfigurationPlatforms) = preSolution
		Debug|Any CPU = Debug|Any CPU
		Release|Any CPU = Release|Any CPU
	EndGlobalSection
	GlobalSection(ProjectConfigurationPlatforms) = postSolution
		{08408974-740E-4E00-AEED-5C9B0C52456C}.Debug|Any CPU.ActiveCfg = Debug|Any CPU
		{08408974-740E-4E00-AEED-5C9B0C52456C}.Debug|Any CPU.Build.0 = Debug|Any CPU
		{08408974-740E-4E00-AEED-5C9B0C52456C}.Release|Any CPU.ActiveCfg = Release|Any CPU
		{08408974-740E-4E00-AEED-5C9B0C52456C}.Release|Any CPU.Build.0 = Release|Any CPU
	EndGlobalSection
	GlobalSection(SolutionProperties) = preSolution
		HideSolutionNode = FALSE
	EndGlobalSection
	GlobalSection(ExtensibilityGlobals) = postSolution
		SolutionGuid = {011208C5-A2FB-4266-9759-52A0DA507404}
	EndGlobalSection
EndGlobal
