
Microsoft Visual Studio Solution File, Format Version 12.00
# Visual Studio Version 17
VisualStudioVersion = 17.0.32014.148
MinimumVisualStudioVersion = 10.0.40219.1
Project("{FAE04EC0-301F-11D3-BF4B-00C04F79EFBC}") = "OOP_FORM", "OOP_FORM\OOP_FORM.csproj", "{FB3F7C75-D287-4DEE-89F9-553BE39D6548}"
EndProject
Global
	GlobalSection(SolutionConfigurationPlatforms) = preSolution
		Debug|Any CPU = Debug|Any CPU
		Release|Any CPU = Release|Any CPU
	EndGlobalSection
	GlobalSection(ProjectConfigurationPlatforms) = postSolution
		{FB3F7C75-D287-4DEE-89F9-553BE39D6548}.Debug|Any CPU.ActiveCfg = Debug|Any CPU
		{FB3F7C75-D287-4DEE-89F9-553BE39D6548}.Debug|Any CPU.Build.0 = Debug|Any CPU
		{FB3F7C75-D287-4DEE-89F9-553BE39D6548}.Release|Any CPU.ActiveCfg = Release|Any CPU
		{FB3F7C75-D287-4DEE-89F9-553BE39D6548}.Release|Any CPU.Build.0 = Release|Any CPU
	EndGlobalSection
	GlobalSection(SolutionProperties) = preSolution
		HideSolutionNode = FALSE
	EndGlobalSection
	GlobalSection(ExtensibilityGlobals) = postSolution
		SolutionGuid = {41A0896E-882B-4688-B18C-A7E8B1767044}
	EndGlobalSection
EndGlobal
